lockfileVersion: '9.0'

settings:
  autoInstallPeers: true
  excludeLinksFromLockfile: false

importers:

  .:
    devDependencies:
      typescript:
        specifier: ^5.8.2
        version: 5.9.3

  packages/residential-proxy:
    dependencies:
      dotenv:
        specifier: ^16.4.7
        version: 16.6.1
      got-scraping:
        specifier: ^4.1.2
        version: 4.2.1
      http-proxy-agent:
        specifier: ^7.0.2
        version: 7.0.2
      https-proxy-agent:
        specifier: ^7.0.6
        version: 7.0.6
      proxy-from-env:
        specifier: ^1.1.0
        version: 1.1.0
    devDependencies:
      '@types/node':
        specifier: ^22.13.10
        version: 22.19.15

packages:

  '@keyv/serialize@1.1.1':
    resolution: {integrity: sha512-dXn3FZhPv0US+7dtJsIi2R+c7qWYiReoEh5zUntWCf4oSpMNib8FDhSoed6m3QyZdx5hK7iLFkYk3rNxwt8vTA==}

  '@sec-ant/readable-stream@0.4.1':
    resolution: {integrity: sha512-831qok9r2t8AlxLko40y2ebgSDhenenCatLVeW/uBtnHPyhHOvG0C7TvfgecV+wHzIm5KUICgzmVpWS+IMEAeg==}

  '@sindresorhus/is@4.6.0':
    resolution: {integrity: sha512-t09vSN3MdfsyCHoFcTRCH/iUtG7OJ0CsjzB8cjAmKc/va/kIgeDI/TxsigdncE/4be734m0cvIYwNaV4i2XqAw==}
    engines: {node: '>=10'}

  '@sindresorhus/is@5.6.0':
    resolution: {integrity: sha512-TV7t8GKYaJWsn00tFDqBw8+Uqmr8A0fRU1tvTQhyZzGv0sJCGRQL3JGMI3ucuKo3XIZdUP+Lx7/gh2t3lewy7g==}
    engines: {node: '>=14.16'}

  '@sindresorhus/is@7.2.0':
    resolution: {integrity: sha512-P1Cz1dWaFfR4IR+U13mqqiGsLFf1KbayybWwdd2vfctdV6hDpUkgCY0nKOLLTMSoRd/jJNjtbqzf13K8DCCXQw==}
    engines: {node: '>=18'}

  '@types/http-cache-semantics@4.2.0':
    resolution: {integrity: sha512-L3LgimLHXtGkWikKnsPg0/VFx9OGZaC+eN1u4r+OB1XRqH3meBIAVC2zr1WdMH+RHmnRkqliQAOHNJ/E0j/e0Q==}

  '@types/node@22.19.15':
    resolution: {integrity: sha512-F0R/h2+dsy5wJAUe3tAU6oqa2qbWY5TpNfL/RGmo1y38hiyO1w3x2jPtt76wmuaJI4DQnOBu21cNXQ2STIUUWg==}

  adm-zip@0.5.16:
    resolution: {integrity: sha512-TGw5yVi4saajsSEgz25grObGHEUaDrniwvA2qwSC060KfqGPdglhvPMA2lPIoxs3PQIItj2iag35fONcQqgUaQ==}
    engines: {node: '>=12.0'}

  agent-base@7.1.4:
    resolution: {integrity: sha512-MnA+YT8fwfJPgBx3m60MNqakm30XOkyIoH1y6huTQvC0PwZG7ki8NacLBcrPbNoo8vEZy7Jpuk7+jMO+CUovTQ==}
    engines: {node: '>= 14'}

  baseline-browser-mapping@2.10.12:
    resolution: {integrity: sha512-qyq26DxfY4awP2gIRXhhLWfwzwI+N5Nxk6iQi8EFizIaWIjqicQTE4sLnZZVdeKPRcVNoJOkkpfzoIYuvCKaIQ==}
    engines: {node: '>=6.0.0'}
    hasBin: true

  browserslist@4.28.1:
    resolution: {integrity: sha512-ZC5Bd0LgJXgwGqUknZY/vkUQ04r8NXnJZ3yYi4vDmSiZmC/pdSN0NbNRPxZpbtO4uAfDUAFffO8IZoM3Gj8IkA==}
    engines: {node: ^6 || ^7 || ^8 || ^9 || ^10 || ^11 || ^12 || >=13.7}
    hasBin: true

  byte-counter@0.1.0:
    resolution: {integrity: sha512-jheRLVMeUKrDBjVw2O5+k4EvR4t9wtxHL+bo/LxfkxsVeuGMy3a5SEGgXdAFA4FSzTrU8rQXQIrsZ3oBq5a0pQ==}
    engines: {node: '>=20'}

  cacheable-lookup@7.0.0:
    resolution: {integrity: sha512-+qJyx4xiKra8mZrcwhjMRMUhD5NR1R8esPkzIYxX96JiecFoxAXFuz/GpR3+ev4PE1WamHip78wV0vcmPQtp8w==}
    engines: {node: '>=14.16'}

  cacheable-request@13.0.18:
    resolution: {integrity: sha512-rFWadDRKJs3s2eYdXlGggnBZKG7MTblkFBB0YllFds+UYnfogDp2wcR6JN97FhRkHTvq59n2vhNoHNZn29dh/Q==}
    engines: {node: '>=18'}

  callsites@3.1.0:
    resolution: {integrity: sha512-P8BjAsXvZS+VIDUI11hHCQEv74YT67YUi5JJFNWIqL235sBmjX4+qx9Muvls5ivyNENctx46xQLQ3aTuE7ssaQ==}
    engines: {node: '>=6'}

  callsites@4.2.0:
    resolution: {integrity: sha512-kfzR4zzQtAE9PC7CzZsjl3aBNbXWuXiSeOCdLcPpBfGW8YuCqQHcRPFDbr/BPVmd3EEPVpuFzLyuT/cUhPr4OQ==}
    engines: {node: '>=12.20'}

  caniuse-lite@1.0.30001781:
    resolution: {integrity: sha512-RdwNCyMsNBftLjW6w01z8bKEvT6e/5tpPVEgtn22TiLGlstHOVecsX2KHFkD5e/vRnIE4EGzpuIODb3mtswtkw==}

  debug@4.4.3:
    resolution: {integrity: sha512-RGwwWnwQvkVfavKVt22FGLw+xYSdzARwm0ru6DhTVA3umU5hZc28V3kO4stgYryrTlLpuvgI9GiijltAjNbcqA==}
    engines: {node: '>=6.0'}
    peerDependencies:
      supports-color: '*'
    peerDependenciesMeta:
      supports-color:
        optional: true

  decompress-response@10.0.0:
    resolution: {integrity: sha512-oj7KWToJuuxlPr7VV0vabvxEIiqNMo+q0NueIiL3XhtwC6FVOX7Hr1c0C4eD0bmf7Zr+S/dSf2xvkH3Ad6sU3Q==}
    engines: {node: '>=20'}

  dot-prop@6.0.1:
    resolution: {integrity: sha512-tE7ztYzXHIeyvc7N+hR3oi7FIbf/NIjVP9hmAt3yMXzrQ072/fpjGLx2GxNxGxUl5V73MEqYzioOMoVhGMJ5cA==}
    engines: {node: '>=10'}

  dot-prop@7.2.0:
    resolution: {integrity: sha512-Ol/IPXUARn9CSbkrdV4VJo7uCy1I3VuSiWCaFSg+8BdUOzF9n3jefIpcgAydvUZbTdEBZs2vEiTiS9m61ssiDA==}
    engines: {node: ^12.20.0 || ^14.13.1 || >=16.0.0}

  dotenv@16.6.1:
    resolution: {integrity: sha512-uBq4egWHTcTt33a72vpSG0z3HnPuIl6NqYcTrKEg2azoEyl2hpW0zqlxysq2pK9HlDIHyHyakeYaYnSAwd8bow==}
    engines: {node: '>=12'}

  electron-to-chromium@1.5.328:
    resolution: {integrity: sha512-QNQ5l45DzYytThO21403XN3FvK0hOkWDG8viNf6jqS42msJ8I4tGDSpBCgvDRRPnkffafiwAym2X2eHeGD2V0w==}

  escalade@3.2.0:
    resolution: {integrity: sha512-WUj2qlxaQtO4g6Pq5c29GTcWGDyd8itL8zTlipgECz3JesAiiOKotd8JU6otB3PACgG6xkJUyVhboMS+bje/jA==}
    engines: {node: '>=6'}

  form-data-encoder@4.1.0:
    resolution: {integrity: sha512-G6NsmEW15s0Uw9XnCg+33H3ViYRyiM0hMrMhhqQOR8NFc5GhYrI+6I3u7OTw7b91J2g8rtvMBZJDbcGb2YUniw==}
    engines: {node: '>= 18'}

  generative-bayesian-network@2.1.81:
    resolution: {integrity: sha512-LrYK+CY5n21p437oahz8jRqTgw0i+S08H+ypag1sgZilfCj33k8Tp8kcFtPiWKsEEJ6niN9gRFP12+r06xB4rQ==}

  get-stream@9.0.1:
    resolution: {integrity: sha512-kVCxPF3vQM/N0B1PmoqVUqgHP+EeVjmZSQn+1oCRPxd2P21P2F19lIgbR3HBosbB1PUhOAoctJnfEn2GbN2eZA==}
    engines: {node: '>=18'}

  got-scraping@4.2.1:
    resolution: {integrity: sha512-rhOlO1L4H4Cm31smHJqPtAaXOUrhSKsiTrbZSHKFQW1E/mkTDopnHHpRnXJpqzE0faj+zPsVQnyifIqO+K+cLQ==}
    engines: {node: '>=16'}

  got@14.6.6:
    resolution: {integrity: sha512-QLV1qeYSo5l13mQzWgP/y0LbMr5Plr5fJilgAIwgnwseproEbtNym8xpLsDzeZ6MWXgNE6kdWGBjdh3zT/Qerg==}
    engines: {node: '>=20'}

  header-generator@2.1.81:
    resolution: {integrity: sha512-6+27UuqCHFx4xrTWIgcSF/x2WJ+PuVLxziXfPaVLRXi1lXIbTkXO+ffHJefVrdRT5/XEeWfJHrSIE2m1hAdWxw==}
    engines: {node: '>=16.0.0'}

  http-cache-semantics@4.2.0:
    resolution: {integrity: sha512-dTxcvPXqPvXBQpq5dUr6mEMJX4oIEFv6bwom3FDwKRDsuIjjJGANqhBuoAn9c1RQJIdAKav33ED65E2ys+87QQ==}

  http-proxy-agent@7.0.2:
    resolution: {integrity: sha512-T1gkAiYYDWYx3V5Bmyu7HcfcvL7mUrTWiM6yOfa3PIphViJ/gFPbvidQ+veqSOHci/PxBcDabeUNCzpOODJZig==}
    engines: {node: '>= 14'}

  http2-wrapper@2.2.1:
    resolution: {integrity: sha512-V5nVw1PAOgfI3Lmeaj2Exmeg7fenjhRUgz1lPSezy1CuhPYbgQtbQj4jZfEAEMlaL+vupsvhjqCyjzob0yxsmQ==}
    engines: {node: '>=10.19.0'}

  https-proxy-agent@7.0.6:
    resolution: {integrity: sha512-vK9P5/iUfdl95AI+JVyUuIcVtd4ofvtrOr3HNtM2yxC9bnMbEdp3x01OhQNnjb8IJYi38VlTE3mBXwcfvywuSw==}
    engines: {node: '>= 14'}

  is-obj@2.0.0:
    resolution: {integrity: sha512-drqDG3cbczxxEJRoOXcOjtdp1J/lyp1mNn0xaznRs8+muBhgQcrnbspox5X5fOw0HnMnbfDzvnEMEtqDEJEo8w==}
    engines: {node: '>=8'}

  is-stream@4.0.1:
    resolution: {integrity: sha512-Dnz92NInDqYckGEUJv689RbRiTSEHCQ7wOVeALbkOz999YpqT46yMRIGtSNl2iCL1waAZSx40+h59NV/EwzV/A==}
    engines: {node: '>=18'}

  keyv@5.6.0:
    resolution: {integrity: sha512-CYDD3SOtsHtyXeEORYRx2qBtpDJFjRTGXUtmNEMGyzYOKj1TE3tycdlho7kA1Ufx9OYWZzg52QFBGALTirzDSw==}

  lodash.isequal@4.5.0:
    resolution: {integrity: sha512-pDo3lu8Jhfjqls6GkMgpahsF9kCyayhgykjyLMNFTKWrpVdAQtYyB4muAMWozBB4ig/dtWAmsMxLEI8wuz+DYQ==}
    deprecated: This package is deprecated. Use require('node:util').isDeepStrictEqual instead.

  lowercase-keys@3.0.0:
    resolution: {integrity: sha512-ozCC6gdQ+glXOQsveKD0YsDy8DSQFjDTz4zyzEHNV5+JP5D62LmfDZ6o1cycFx9ouG940M5dE8C8CTewdj2YWQ==}
    engines: {node: ^12.20.0 || ^14.13.1 || >=16.0.0}

  mimic-response@4.0.0:
    resolution: {integrity: sha512-e5ISH9xMYU0DzrT+jl8q2ze9D6eWBto+I8CNpe+VI+K2J/F/k3PdkdTdz4wvGVH4NTpo+NRYTVIuMQEMMcsLqg==}
    engines: {node: ^12.20.0 || ^14.13.1 || >=16.0.0}

  ms@2.1.3:
    resolution: {integrity: sha512-6FlzubTLZG3J2a/NVCAleEhjzq5oxgHyaCU9yYXvcLsvoVaHJq/s5xXI6/XXP6tz7R9xAOtHnSO/tXtF3WRTlA==}

  node-releases@2.0.36:
    resolution: {integrity: sha512-TdC8FSgHz8Mwtw9g5L4gR/Sh9XhSP/0DEkQxfEFXOpiul5IiHgHan2VhYYb6agDSfp4KuvltmGApc8HMgUrIkA==}

  normalize-url@8.1.1:
    resolution: {integrity: sha512-JYc0DPlpGWB40kH5g07gGTrYuMqV653k3uBKY6uITPWds3M0ov3GaWGp9lbE3Bzngx8+XkfzgvASb9vk9JDFXQ==}
    engines: {node: '>=14.16'}

  ow@0.28.2:
    resolution: {integrity: sha512-dD4UpyBh/9m4X2NVjA+73/ZPBRF+uF4zIMFvvQsabMiEK8x41L3rQ8EENOi35kyyoaJwNxEeJcP6Fj1H4U409Q==}
    engines: {node: '>=12'}

  ow@1.1.1:
    resolution: {integrity: sha512-sJBRCbS5vh1Jp9EOgwp1Ws3c16lJrUkJYlvWTYC03oyiYVwS/ns7lKRWow4w4XjDyTrA2pplQv4B2naWSR6yDA==}
    engines: {node: '>=14.16'}

  p-cancelable@4.0.1:
    resolution: {integrity: sha512-wBowNApzd45EIKdO1LaU+LrMBwAcjfPaYtVzV3lmfM3gf8Z4CHZsiIqlM8TZZ8okYvh5A1cP6gTfCRQtwUpaUg==}
    engines: {node: '>=14.16'}

  picocolors@1.1.1:
    resolution: {integrity: sha512-xceH2snhtb5M9liqDsmEw56le376mTZkEX/jEb/RxNFyegNul7eNslCXP9FDj/Lcu0X8KEyMceP2ntpaHrDEVA==}

  proxy-from-env@1.1.0:
    resolution: {integrity: sha512-D+zkORCbA9f1tdWRK0RaCR3GPv50cMxcrz4X8k5LTSUD1Dkw47mKJEZQNunItRTkWwgtaUSo1RVFRIG9ZXiFYg==}

  quick-lru@5.1.1:
    resolution: {integrity: sha512-WuyALRjWPDGtt/wzJiadO5AXY+8hZ80hVpe6MyivgraREW751X3SbhRvG3eLKOYN+8VEvqLcf3wdnt44Z4S4SA==}
    engines: {node: '>=10'}

  quick-lru@7.3.0:
    resolution: {integrity: sha512-k9lSsjl36EJdK7I06v7APZCbyGT2vMTsYSRX1Q2nbYmnkBqgUhRkAuzH08Ciotteu/PLJmIF2+tti7o3C/ts2g==}
    engines: {node: '>=18'}

  resolve-alpn@1.2.1:
    resolution: {integrity: sha512-0a1F4l73/ZFZOakJnQ3FvkJ2+gSTQWz/r2KE5OdDY0TxPm5h4GkqkWWfM47T7HsbnOtcJVEF4epCVy6u7Q3K+g==}

  responselike@4.0.2:
    resolution: {integrity: sha512-cGk8IbWEAnaCpdAt1BHzJ3Ahz5ewDJa0KseTsE3qIRMJ3C698W8psM7byCeWVpd/Ha7FUYzuRVzXoKoM6nRUbA==}
    engines: {node: '>=20'}

  tslib@2.8.1:
    resolution: {integrity: sha512-oJFu94HQb+KVduSUQL7wnpmqnfmLsOA/nAh6b6EH0wCEoK0/mPeXU6c3wKDV83MkOuHPRHtSXKKU99IBazS/2w==}

  type-fest@2.19.0:
    resolution: {integrity: sha512-RAH822pAdBgcNMAfWnCBU3CFZcfZ/i1eZjwFU/dsLKumyuuP3niueg2UAukXYF0E2AAoc82ZSSf9J0WQBinzHA==}
    engines: {node: '>=12.20'}

  type-fest@4.41.0:
    resolution: {integrity: sha512-TeTSQ6H5YHvpqVwBRcnLDCBnDOHWYu7IvGbHT6N8AOymcr9PJGjc1GTtiWZTYg0NCgYwvnYWEkVChQAr9bjfwA==}
    engines: {node: '>=16'}

  typescript@5.9.3:
    resolution: {integrity: sha512-jl1vZzPDinLr9eUt3J/t7V6FgNEw9QjvBPdysz9KfQDD41fQrC2Y4vKQdiaUpFT4bXlb1RHhLpp8wtm6M5TgSw==}
    engines: {node: '>=14.17'}
    hasBin: true

  undici-types@6.21.0:
    resolution: {integrity: sha512-iwDZqg0QAGrg9Rav5H4n0M64c3mkR59cJ6wQp+7C4nI0gsmExaedaYLNO44eT4AtBBwjbTiGPMlt2Md0T9H9JQ==}

  update-browserslist-db@1.2.3:
    resolution: {integrity: sha512-Js0m9cx+qOgDxo0eMiFGEueWztz+d4+M3rGlmKPT+T4IS/jP4ylw3Nwpu6cpTTP8R1MAC1kF4VbdLt3ARf209w==}
    hasBin: true
    peerDependencies:
      browserslist: '>= 4.21.0'

  vali-date@1.0.0:
    resolution: {integrity: sha512-sgECfZthyaCKW10N0fm27cg8HYTFK5qMWgypqkXMQ4Wbl/zZKx7xZICgcoxIIE+WFAP/MBL2EFwC/YvLxw3Zeg==}
    engines: {node: '>=0.10.0'}

snapshots:

  '@keyv/serialize@1.1.1': {}

  '@sec-ant/readable-stream@0.4.1': {}

  '@sindresorhus/is@4.6.0': {}

  '@sindresorhus/is@5.6.0': {}

  '@sindresorhus/is@7.2.0': {}

  '@types/http-cache-semantics@4.2.0': {}

  '@types/node@22.19.15':
    dependencies:
      undici-types: 6.21.0

  adm-zip@0.5.16: {}

  agent-base@7.1.4: {}

  baseline-browser-mapping@2.10.12: {}

  browserslist@4.28.1:
    dependencies:
      baseline-browser-mapping: 2.10.12
      caniuse-lite: 1.0.30001781
      electron-to-chromium: 1.5.328
      node-releases: 2.0.36
      update-browserslist-db: 1.2.3(browserslist@4.28.1)

  byte-counter@0.1.0: {}

  cacheable-lookup@7.0.0: {}

  cacheable-request@13.0.18:
    dependencies:
      '@types/http-cache-semantics': 4.2.0
      get-stream: 9.0.1
      http-cache-semantics: 4.2.0
      keyv: 5.6.0
      mimic-response: 4.0.0
      normalize-url: 8.1.1
      responselike: 4.0.2

  callsites@3.1.0: {}

  callsites@4.2.0: {}

  caniuse-lite@1.0.30001781: {}

  debug@4.4.3:
    dependencies:
      ms: 2.1.3

  decompress-response@10.0.0:
    dependencies:
      mimic-response: 4.0.0

  dot-prop@6.0.1:
    dependencies:
      is-obj: 2.0.0

  dot-prop@7.2.0:
    dependencies:
      type-fest: 2.19.0

  dotenv@16.6.1: {}

  electron-to-chromium@1.5.328: {}

  escalade@3.2.0: {}

  form-data-encoder@4.1.0: {}

  generative-bayesian-network@2.1.81:
    dependencies:
      adm-zip: 0.5.16
      tslib: 2.8.1

  get-stream@9.0.1:
    dependencies:
      '@sec-ant/readable-stream': 0.4.1
      is-stream: 4.0.1

  got-scraping@4.2.1:
    dependencies:
      got: 14.6.6
      header-generator: 2.1.81
      http2-wrapper: 2.2.1
      mimic-response: 4.0.0
      ow: 1.1.1
      quick-lru: 7.3.0
      tslib: 2.8.1

  got@14.6.6:
    dependencies:
      '@sindresorhus/is': 7.2.0
      byte-counter: 0.1.0
      cacheable-lookup: 7.0.0
      cacheable-request: 13.0.18
      decompress-response: 10.0.0
      form-data-encoder: 4.1.0
      http2-wrapper: 2.2.1
      keyv: 5.6.0
      lowercase-keys: 3.0.0
      p-cancelable: 4.0.1
      responselike: 4.0.2
      type-fest: 4.41.0

  header-generator@2.1.81:
    dependencies:
      browserslist: 4.28.1
      generative-bayesian-network: 2.1.81
      ow: 0.28.2
      tslib: 2.8.1

  http-cache-semantics@4.2.0: {}

  http-proxy-agent@7.0.2:
    dependencies:
      agent-base: 7.1.4
      debug: 4.4.3
    transitivePeerDependencies:
      - supports-color

  http2-wrapper@2.2.1:
    dependencies:
      quick-lru: 5.1.1
      resolve-alpn: 1.2.1

  https-proxy-agent@7.0.6:
    dependencies:
      agent-base: 7.1.4
      debug: 4.4.3
    transitivePeerDependencies:
      - supports-color

  is-obj@2.0.0: {}

  is-stream@4.0.1: {}

  keyv@5.6.0:
    dependencies:
      '@keyv/serialize': 1.1.1

  lodash.isequal@4.5.0: {}

  lowercase-keys@3.0.0: {}

  mimic-response@4.0.0: {}

  ms@2.1.3: {}

  node-releases@2.0.36: {}

  normalize-url@8.1.1: {}

  ow@0.28.2:
    dependencies:
      '@sindresorhus/is': 4.6.0
      callsites: 3.1.0
      dot-prop: 6.0.1
      lodash.isequal: 4.5.0
      vali-date: 1.0.0

  ow@1.1.1:
    dependencies:
      '@sindresorhus/is': 5.6.0
      callsites: 4.2.0
      dot-prop: 7.2.0
      lodash.isequal: 4.5.0
      vali-date: 1.0.0

  p-cancelable@4.0.1: {}

  picocolors@1.1.1: {}

  proxy-from-env@1.1.0: {}

  quick-lru@5.1.1: {}

  quick-lru@7.3.0: {}

  resolve-alpn@1.2.1: {}

  responselike@4.0.2:
    dependencies:
      lowercase-keys: 3.0.0

  tslib@2.8.1: {}

  type-fest@2.19.0: {}

  type-fest@4.41.0: {}

  typescript@5.9.3: {}

  undici-types@6.21.0: {}

  update-browserslist-db@1.2.3(browserslist@4.28.1):
    dependencies:
      browserslist: 4.28.1
      escalade: 3.2.0
      picocolors: 1.1.1

  vali-date@1.0.0: {}
